lockfileVersion: '9.0'

settings:
  autoInstallPeers: true
  excludeLinksFromLockfile: false

importers:

  '1000':
    dependencies:
      '@iconify-icons/material-symbols':
        specifier: ^1.2.58
        version: 1.2.58
      '@iconify/react':
        specifier: ^6.0.0
        version: 6.0.0(react@19.1.0)
      react:
        specifier: ^19.0.0
        version: 19.1.0
      react-dom:
        specifier: ^19.0.0
        version: 19.1.0(react@19.1.0)

  .: {}

packages:

  '@iconify-icons/material-symbols@1.2.58':
    resolution: {integrity: sha512-v0ZfPXlmDcDPCejxhg5h2eHCEHClrpn+i44Ev766vkzPIEFRdgT+YK942KzyqBpH0RhKJfel4OZdL1DY1oa5Qg==}

  '@iconify/react@6.0.0':
    resolution: {integrity: sha512-eqNscABVZS8eCpZLU/L5F5UokMS9mnCf56iS1nM9YYHdH8ZxqZL9zyjSwW60IOQFsXZkilbBiv+1paMXBhSQnw==}
    peerDependencies:
      react: '>=16'

  '@iconify/types@2.0.0':
    resolution: {integrity: sha512-+wluvCrRhXrhyOmRDJ3q8mux9JkKy5SJ/v8ol2tu4FVjyYvtEzkc/3pK15ET6RKg4b4w4BmTk1+gsCUhf21Ykg==}

  react-dom@19.1.0:
    resolution: {integrity: sha512-Xs1hdnE+DyKgeHJeJznQmYMIBG3TKIHJJT95Q58nHLSrElKlGQqDTR2HQ9fx5CN/Gk6Vh/kupBTDLU11/nDk/g==}
    peerDependencies:
      react: ^19.1.0

  react@19.1.0:
    resolution: {integrity: sha512-FS+XFBNvn3GTAWq26joslQgWNoFu08F4kl0J4CgdNKADkdSGXQyTCnKteIAJy96Br6YbpEU1LSzV5dYtjMkMDg==}
    engines: {node: '>=0.10.0'}

  scheduler@0.26.0:
    resolution: {integrity: sha512-NlHwttCI/l5gCPR3D1nNXtWABUmBwvZpEQiD4IXSbIDq8BzLIK/7Ir5gTFSGZDUu37K5cMNp0hFtzO38sC7gWA==}

snapshots:

  '@iconify-icons/material-symbols@1.2.58':
    dependencies:
      '@iconify/types': 2.0.0

  '@iconify/react@6.0.0(react@19.1.0)':
    dependencies:
      '@iconify/types': 2.0.0
      react: 19.1.0

  '@iconify/types@2.0.0': {}

  react-dom@19.1.0(react@19.1.0):
    dependencies:
      react: 19.1.0
      scheduler: 0.26.0

  react@19.1.0: {}

  scheduler@0.26.0: {}
