lockfileVersion: '9.0'

settings:
  autoInstallPeers: true
  excludeLinksFromLockfile: false

importers:

  '10000':
    dependencies:
      '@icon-park/react':
        specifier: ^1.4.2
        version: 1.4.2(react-dom@19.1.0(react@19.1.0))(react@19.1.0)
      react:
        specifier: ^19.0.0
        version: 19.1.0
      react-dom:
        specifier: ^19.0.0
        version: 19.1.0(react@19.1.0)

  .: {}

packages:

  '@icon-park/react@1.4.2':
    resolution: {integrity: sha512-+MtQLjNiRuia3fC/NfpSCTIy5KH5b+NkMB9zYd7p3R4aAIK61AjK0OSraaICJdkKooU9jpzk8m0fY4g9A3JqhQ==}
    engines: {node: '>= 8.0.0', npm: '>= 5.0.0'}
    peerDependencies:
      react: '>=16.9'
      react-dom: '>=16.9'

  react-dom@19.1.0:
    resolution: {integrity: sha512-Xs1hdnE+DyKgeHJeJznQmYMIBG3TKIHJJT95Q58nHLSrElKlGQqDTR2HQ9fx5CN/Gk6Vh/kupBTDLU11/nDk/g==}
    peerDependencies:
      react: ^19.1.0

  react@19.1.0:
    resolution: {integrity: sha512-FS+XFBNvn3GTAWq26joslQgWNoFu08F4kl0J4CgdNKADkdSGXQyTCnKteIAJy96Br6YbpEU1LSzV5dYtjMkMDg==}
    engines: {node: '>=0.10.0'}

  scheduler@0.26.0:
    resolution: {integrity: sha512-NlHwttCI/l5gCPR3D1nNXtWABUmBwvZpEQiD4IXSbIDq8BzLIK/7Ir5gTFSGZDUu37K5cMNp0hFtzO38sC7gWA==}

snapshots:

  '@icon-park/react@1.4.2(react-dom@19.1.0(react@19.1.0))(react@19.1.0)':
    dependencies:
      react: 19.1.0
      react-dom: 19.1.0(react@19.1.0)

  react-dom@19.1.0(react@19.1.0):
    dependencies:
      react: 19.1.0
      scheduler: 0.26.0

  react@19.1.0: {}

  scheduler@0.26.0: {}
